# This file is automatically @generated by Cargo.
# It is not intended for manual editing.
version = 4

[[package]]
name = "hprof-cli"
version = "0.1.0"
dependencies = [
 "hprof-engine",
 "hprof-tui",
]

[[package]]
name = "hprof-engine"
version = "0.1.0"
dependencies = [
 "hprof-parser",
]

[[package]]
name = "hprof-parser"
version = "0.1.0"

[[package]]
name = "hprof-tui"
version = "0.1.0"
dependencies = [
 "hprof-engine",
]
